
Microsoft Visual Studio Solution File, Format Version 12.00
# Visual Studio Version 16
VisualStudioVersion = 16.0.29102.190
MinimumVisualStudioVersion = 10.0.40219.1
Project("{8BC9CEB8-8B4A-11D0-8D11-00A0C91BC942}") = "ktexlib_dymanic", "ktexlib_dymanic\ktexlib_dymanic.vcxproj", "{FC0F5B70-D97A-48E5-B2A3-22301EC90493}"
EndProject
Project("{8BC9CEB8-8B4A-11D0-8D11-00A0C91BC942}") = "ktexlib_test", "ktexlib_test\ktexlib_test.vcxproj", "{51D4D048-34B7-4C95-AA9A-79A75438210D}"
EndProject
Project("{8BC9CEB8-8B4A-11D0-8D11-00A0C91BC942}") = "klei_anim", "klei_anim\klei_anim.vcxproj", "{859DBF5C-CE25-4DB1-9789-5063CA14A0EE}"
EndProject
Global
	GlobalSection(SolutionConfigurationPlatforms) = preSolution
		Debug|x64 = Debug|x64
		Debug|x86 = Debug|x86
		Release|x64 = Release|x64
		Release|x86 = Release|x86
	EndGlobalSection
	GlobalSection(ProjectConfigurationPlatforms) = postSolution
		{FC0F5B70-D97A-48E5-B2A3-22301EC90493}.Debug|x64.ActiveCfg = Debug|x64
		{FC0F5B70-D97A-48E5-B2A3-22301EC90493}.Debug|x64.Build.0 = Debug|x64
		{FC0F5B70-D97A-48E5-B2A3-22301EC90493}.Debug|x86.ActiveCfg = Debug|Win32
		{FC0F5B70-D97A-48E5-B2A3-22301EC90493}.Debug|x86.Build.0 = Debug|Win32
		{FC0F5B70-D97A-48E5-B2A3-22301EC90493}.Release|x64.ActiveCfg = Release|x64
		{FC0F5B70-D97A-48E5-B2A3-22301EC90493}.Release|x64.Build.0 = Release|x64
		{FC0F5B70-D97A-48E5-B2A3-22301EC90493}.Release|x86.ActiveCfg = Release|Win32
		{FC0F5B70-D97A-48E5-B2A3-22301EC90493}.Release|x86.Build.0 = Release|Win32
		{51D4D048-34B7-4C95-AA9A-79A75438210D}.Debug|x64.ActiveCfg = Debug|x64
		{51D4D048-34B7-4C95-AA9A-79A75438210D}.Debug|x64.Build.0 = Debug|x64
		{51D4D048-34B7-4C95-AA9A-79A75438210D}.Debug|x86.ActiveCfg = Debug|Win32
		{51D4D048-34B7-4C95-AA9A-79A75438210D}.Debug|x86.Build.0 = Debug|Win32
		{51D4D048-34B7-4C95-AA9A-79A75438210D}.Release|x64.ActiveCfg = Release|x64
		{51D4D048-34B7-4C95-AA9A-79A75438210D}.Release|x64.Build.0 = Release|x64
		{51D4D048-34B7-4C95-AA9A-79A75438210D}.Release|x86.ActiveCfg = Release|Win32
		{51D4D048-34B7-4C95-AA9A-79A75438210D}.Release|x86.Build.0 = Release|Win32
		{859DBF5C-CE25-4DB1-9789-5063CA14A0EE}.Debug|x64.ActiveCfg = Debug|x64
		{859DBF5C-CE25-4DB1-9789-5063CA14A0EE}.Debug|x64.Build.0 = Debug|x64
		{859DBF5C-CE25-4DB1-9789-5063CA14A0EE}.Debug|x86.ActiveCfg = Debug|Win32
		{859DBF5C-CE25-4DB1-9789-5063CA14A0EE}.Debug|x86.Build.0 = Debug|Win32
		{859DBF5C-CE25-4DB1-9789-5063CA14A0EE}.Release|x64.ActiveCfg = Release|x64
		{859DBF5C-CE25-4DB1-9789-5063CA14A0EE}.Release|x64.Build.0 = Release|x64
		{859DBF5C-CE25-4DB1-9789-5063CA14A0EE}.Release|x86.ActiveCfg = Release|Win32
		{859DBF5C-CE25-4DB1-9789-5063CA14A0EE}.Release|x86.Build.0 = Release|Win32
	EndGlobalSection
	GlobalSection(SolutionProperties) = preSolution
		HideSolutionNode = FALSE
	EndGlobalSection
	GlobalSection(ExtensibilityGlobals) = postSolution
		SolutionGuid = {D773B034-29B5-494C-A0FC-B9DD6F0E1045}
	EndGlobalSection
EndGlobal
